
Microsoft Visual Studio Solution File, Format Version 12.00
# Visual Studio Version 17
VisualStudioVersion = 17.14.36301.6 d17.14
MinimumVisualStudioVersion = 10.0.40219.1
Project("{FAE04EC0-301F-11D3-BF4B-00C04F79EFBC}") = "DeploymentApp", "DeploymentApp\DeploymentApp.csproj", "{F361E4C3-D014-4712-AD47-1E0C0C7788AF}"
EndProject
Global
	GlobalSection(SolutionConfigurationPlatforms) = preSolution
		Debug|Any CPU = Debug|Any CPU
		Release|Any CPU = Release|Any CPU
	EndGlobalSection
	GlobalSection(ProjectConfigurationPlatforms) = postSolution
		{F361E4C3-D014-4712-AD47-1E0C0C7788AF}.Debug|Any CPU.ActiveCfg = Debug|Any CPU
		{F361E4C3-D014-4712-AD47-1E0C0C7788AF}.Debug|Any CPU.Build.0 = Debug|Any CPU
		{F361E4C3-D014-4712-AD47-1E0C0C7788AF}.Release|Any CPU.ActiveCfg = Release|Any CPU
		{F361E4C3-D014-4712-AD47-1E0C0C7788AF}.Release|Any CPU.Build.0 = Release|Any CPU
	EndGlobalSection
	GlobalSection(SolutionProperties) = preSolution
		HideSolutionNode = FALSE
	EndGlobalSection
	GlobalSection(ExtensibilityGlobals) = postSolution
		SolutionGuid = {DCA99D39-F5AA-4003-AC4B-5F35EC1A3FC0}
	EndGlobalSection
EndGlobal
